
Microsoft Visual Studio Solution File, Format Version 12.00
# Visual Studio Version 16
VisualStudioVersion = 16.0.31829.152
MinimumVisualStudioVersion = 10.0.40219.1
Project("{8BC9CEB8-8B4A-11D0-8D11-00A0C91BC942}") = "Graph Data Structure", "Graph Data Structure\Graph Data Structure.vcxproj", "{3CB131B5-774C-43F0-ACC7-9E1BFA84ADC6}"
EndProject
Global
	GlobalSection(SolutionConfigurationPlatforms) = preSolution
		Debug|x64 = Debug|x64
		Debug|x86 = Debug|x86
		Release|x64 = Release|x64
		Release|x86 = Release|x86
	EndGlobalSection
	GlobalSection(ProjectConfigurationPlatforms) = postSolution
		{3CB131B5-774C-43F0-ACC7-9E1BFA84ADC6}.Debug|x64.ActiveCfg = Debug|x64
		{3CB131B5-774C-43F0-ACC7-9E1BFA84ADC6}.Debug|x64.Build.0 = Debug|x64
		{3CB131B5-774C-43F0-ACC7-9E1BFA84ADC6}.Debug|x86.ActiveCfg = Debug|Win32
		{3CB131B5-774C-43F0-ACC7-9E1BFA84ADC6}.Debug|x86.Build.0 = Debug|Win32
		{3CB131B5-774C-43F0-ACC7-9E1BFA84ADC6}.Release|x64.ActiveCfg = Release|x64
		{3CB131B5-774C-43F0-ACC7-9E1BFA84ADC6}.Release|x64.Build.0 = Release|x64
		{3CB131B5-774C-43F0-ACC7-9E1BFA84ADC6}.Release|x86.ActiveCfg = Release|Win32
		{3CB131B5-774C-43F0-ACC7-9E1BFA84ADC6}.Release|x86.Build.0 = Release|Win32
	EndGlobalSection
	GlobalSection(SolutionProperties) = preSolution
		HideSolutionNode = FALSE
	EndGlobalSection
	GlobalSection(ExtensibilityGlobals) = postSolution
		SolutionGuid = {630ECADE-432E-4AD2-9B95-5B5920A4DB8D}
	EndGlobalSection
EndGlobal
